
Microsoft Visual Studio Solution File, Format Version 12.00
# Visual Studio 15
VisualStudioVersion = 15.0.27703.2000
MinimumVisualStudioVersion = 10.0.40219.1
Project("{FAE04EC0-301F-11D3-BF4B-00C04F79EFBC}") = "OracleCommander", "OracleCommander\OracleCommander.csproj", "{952DEB3A-FB49-4A3E-8C60-E8FB120AE531}"
EndProject
Global
	GlobalSection(SolutionConfigurationPlatforms) = preSolution
		Debug|Any CPU = Debug|Any CPU
		Release|Any CPU = Release|Any CPU
	EndGlobalSection
	GlobalSection(ProjectConfigurationPlatforms) = postSolution
		{952DEB3A-FB49-4A3E-8C60-E8FB120AE531}.Debug|Any CPU.ActiveCfg = Debug|Any CPU
		{952DEB3A-FB49-4A3E-8C60-E8FB120AE531}.Debug|Any CPU.Build.0 = Debug|Any CPU
		{952DEB3A-FB49-4A3E-8C60-E8FB120AE531}.Release|Any CPU.ActiveCfg = Release|Any CPU
		{952DEB3A-FB49-4A3E-8C60-E8FB120AE531}.Release|Any CPU.Build.0 = Release|Any CPU
	EndGlobalSection
	GlobalSection(SolutionProperties) = preSolution
		HideSolutionNode = FALSE
	EndGlobalSection
	GlobalSection(ExtensibilityGlobals) = postSolution
		SolutionGuid = {FC4E1FEB-2237-4F27-885B-DE182F5BB9E3}
	EndGlobalSection
EndGlobal
